{
  "name": "3h-sever",
  "version": "1.0.4",
  "lockfileVersion": 1,
  "requires": true,
  "dependencies": {
    "3h-cli": {
      "version": "1.0.5",
      "resolved": "https://registry.npmjs.org/3h-cli/-/3h-cli-1.0.5.tgz",
      "integrity": "sha512-1zKIhJFhnV2qWsos2qHTypC1ew1jvwwZeCGqfyFwAE9xyghm+mbJA0F/AL8p3xhqU5wZmXW3tBvC7zh5QZPkrA=="
    },
    "3h-log": {
      "version": "2.0.2",
      "resolved": "https://registry.npmjs.org/3h-log/-/3h-log-2.0.2.tgz",
      "integrity": "sha512-oPAwTQGRRm3rsNPQILJdRF+vtq348/kHo7L9m64sdxpcZ7z8syKhfgqx6LxtBnC3OH7+E+lFgaor8FHD9lZaaw=="
    },
    "3h-router": {
      "version": "1.8.1",
      "resolved": "https://registry.npmjs.org/3h-router/-/3h-router-1.8.1.tgz",
      "integrity": "sha512-a3RRy1EotThqkB+4ev/A9jtngBiiiaIMr2Ae5zogbNorujiziEd2oWO9enQfjot6JeCCdQ8PlPxbBdmB9a2Ctw=="
    }
  }
}
