{
  "name": "3h-server",
  "version": "0.1.0",
  "lockfileVersion": 1,
  "requires": true,
  "dependencies": {
    "3h-cli": {
      "version": "1.4.1",
      "resolved": "https://registry.npmjs.org/3h-cli/-/3h-cli-1.4.1.tgz",
      "integrity": "sha512-vL2Y6gyluOecmxOnpAY950bJz5avx09fvVyo6UCcTM4js/DWDuLFgJSLc62FwkpyaR1WLlIC2OZgE12r5d1A3A=="
    },
    "3h-log": {
      "version": "2.0.3",
      "resolved": "https://registry.npmjs.org/3h-log/-/3h-log-2.0.3.tgz",
      "integrity": "sha512-nfMHky0EDelE6Tb+vwwi9oaljlBpdfSteOcWpbVZHJqxkhWej8qyrP0Ex/KeiHiL2R+BL0ap2+MZfyqg9DwZ/Q=="
    },
    "3h-router": {
      "version": "1.8.1",
      "resolved": "https://registry.npmjs.org/3h-router/-/3h-router-1.8.1.tgz",
      "integrity": "sha512-a3RRy1EotThqkB+4ev/A9jtngBiiiaIMr2Ae5zogbNorujiziEd2oWO9enQfjot6JeCCdQ8PlPxbBdmB9a2Ctw=="
    }
  }
}
