{
  "name": "3h-server",
  "version": "1.0.3",
  "lockfileVersion": 1,
  "requires": true,
  "dependencies": {
    "3h-cli": {
      "version": "1.4.3",
      "resolved": "https://registry.npmjs.org/3h-cli/-/3h-cli-1.4.3.tgz",
      "integrity": "sha512-BH+GR31JmNn+VHmUhFA1bW6RaT8vYAeWIZqZP+ZOX5Ta0JQtX7oqU1Pu3ckdpddXHpuHXTYkh+h5ki1WSnzOjg=="
    },
    "3h-log": {
      "version": "3.0.1",
      "resolved": "https://registry.npmjs.org/3h-log/-/3h-log-3.0.1.tgz",
      "integrity": "sha512-S9RB316wTZxh8F5dJy5qAKWqxQI68E8QfYUbtr+4I6F3CoTEN/pfQYxTJZ6f26LL7pR8BCgoHuH4H25CK7HO4g==",
      "requires": {
        "3h-time": "^0.1.5"
      }
    },
    "3h-router": {
      "version": "2.0.3",
      "resolved": "https://registry.npmjs.org/3h-router/-/3h-router-2.0.3.tgz",
      "integrity": "sha512-AT4kkDrYAMVSMGdfJDOcizFZHqefSko7a22MRlG49GcB0BFd0PJaGqHmuXPSfZHvfIu8CabzVVaXhPU5eeG9Kg=="
    },
    "3h-time": {
      "version": "0.1.5",
      "resolved": "https://registry.npmjs.org/3h-time/-/3h-time-0.1.5.tgz",
      "integrity": "sha512-zLegmsU5UnDgT6AU6D5s03sI5MnYrdMOssTD+t1b0Fj7g/Q6Q++KSRR8Rr2YpHYwhhmKmFZ94QJvtw1F7IE9Xw=="
    },
    "@types/node": {
      "version": "10.3.5",
      "resolved": "https://registry.npmjs.org/@types/node/-/node-10.3.5.tgz",
      "integrity": "sha512-6lRwZN0Y3TuglwaaZN2XPocobmzLlhxcqDjKFjNYSsXG/TFAGYkCqkzZh4+ms8iTHHQE6gJXLHPV7TziVGeWhg==",
      "dev": true
    }
  }
}
